
Microsoft Visual Studio Solution File, Format Version 12.00
# Visual Studio Version 17
VisualStudioVersion = 17.6.33815.320
MinimumVisualStudioVersion = 10.0.40219.1
Project("{FAE04EC0-301F-11D3-BF4B-00C04F79EFBC}") = "JaJunior", "JaJunior.csproj", "{7A104651-3051-4829-886E-019F7C4B719D}"
EndProject
Project("{9A19103F-16F7-4668-BE54-9A1E7A4F7556}") = "Pictures", "..\Pictures\Pictures.csproj", "{8EF57370-C05B-47B2-99D7-DF7C0E681204}"
EndProject
Project("{9A19103F-16F7-4668-BE54-9A1E7A4F7556}") = "ChangePlaces", "..\ChangePlaces\ChangePlaces.csproj", "{4CD12A49-4120-447E-A6F7-5B2188165442}"
EndProject
Project("{2150E333-8FDC-42A3-9474-1A3956D46DE8}") = "HomeworkTest", "HomeworkTest", "{0D860998-1C1F-4E8E-9DCF-C6F22A698804}"
EndProject
Project("{FAE04EC0-301F-11D3-BF4B-00C04F79EFBC}") = "ConsoleApp2", "..\ConsoleApp2\ConsoleApp2.csproj", "{AC717AD1-8BE4-4B44-8AC8-B1E53B20DED8}"
EndProject
Project("{FAE04EC0-301F-11D3-BF4B-00C04F79EFBC}") = "DiamonStore", "..\DiamonStore\DiamonStore.csproj", "{007F3186-DAC5-458E-963B-290A03A1A114}"
EndProject
Project("{FAE04EC0-301F-11D3-BF4B-00C04F79EFBC}") = "QueueTimeTreker", "..\QueueTimeTreker\QueueTimeTreker.csproj", "{66675B89-F712-402B-8CEA-7B23E614E27F}"
EndProject
Project("{FAE04EC0-301F-11D3-BF4B-00C04F79EFBC}") = "CyclesBegin", "..\CyclesBegin\CyclesBegin.csproj", "{27C3A93D-2777-4379-ADCF-66F283445F69}"
EndProject
Project("{FAE04EC0-301F-11D3-BF4B-00C04F79EFBC}") = "exitTest", "..\exitTest\exitTest.csproj", "{F7815B0C-E2E5-4650-B864-811895EDE99B}"
EndProject
Project("{FAE04EC0-301F-11D3-BF4B-00C04F79EFBC}") = "Counter+7", "..\Counter+7\Counter+7.csproj", "{882731D2-0212-4B53-BEF8-88D8B17761EB}"
EndProject
Project("{FAE04EC0-301F-11D3-BF4B-00C04F79EFBC}") = "CounterWhile+7", "..\CounterWhile+7\CounterWhile+7.csproj", "{246D3D38-3844-4790-9868-089EDBF09402}"
EndProject
Project("{FAE04EC0-301F-11D3-BF4B-00C04F79EFBC}") = "RandomCaunter", "..\RandomCaunter\RandomCaunter.csproj", "{FC9FD722-633F-41BB-ACA2-846412EAB5D0}"
EndProject
Project("{FAE04EC0-301F-11D3-BF4B-00C04F79EFBC}") = "ConsoleMenu", "..\ConsoleMenu\ConsoleMenu.csproj", "{C6D544BE-7E7A-4833-94D8-0B90FB847973}"
EndProject
Project("{FAE04EC0-301F-11D3-BF4B-00C04F79EFBC}") = "CurrencyConverter", "..\CurrencyConverter\CurrencyConverter.csproj", "{F0E19D0B-202C-4317-A083-E316B97DDD29}"
EndProject
Project("{FAE04EC0-301F-11D3-BF4B-00C04F79EFBC}") = "NameOutput", "..\NameOutput\NameOutput.csproj", "{3FF30D2A-47EF-4B90-9B5E-4BCA24C437CF}"
EndProject
Project("{FAE04EC0-301F-11D3-BF4B-00C04F79EFBC}") = "ProgramUnderPassword", "..\ProgramUnderPassword\ProgramUnderPassword.csproj", "{14DD0B53-D144-4227-82F5-B9C4457E3346}"
EndProject
Project("{FAE04EC0-301F-11D3-BF4B-00C04F79EFBC}") = "MultiplesOfNumbers", "..\MultiplesOfNumbers\MultiplesOfNumbers.csproj", "{EE0A4579-C07C-4716-B312-0A541370DE98}"
EndProject
Project("{FAE04EC0-301F-11D3-BF4B-00C04F79EFBC}") = "DegreeOfTwo", "..\DegreeOfTwo\DegreeOfTwo.csproj", "{0E57AB9C-9474-47A1-B230-14B314788D61}"
EndProject
Project("{FAE04EC0-301F-11D3-BF4B-00C04F79EFBC}") = "BossFight", "..\BossFight\BossFight.csproj", "{DD9A6A20-12C5-48E7-BE9B-8E0757CFCFA3}"
EndProject
Project("{FAE04EC0-301F-11D3-BF4B-00C04F79EFBC}") = "11111111111111", "..\11111111111111\11111111111111.csproj", "{58A21338-1718-447C-A022-925DA9A2D57D}"
EndProject
Project("{FAE04EC0-301F-11D3-BF4B-00C04F79EFBC}") = "HomeworkArray №1", "..\HomeworkArray №1\HomeworkArray №1.csproj", "{26AB6B6B-C678-41B3-AAC4-66459C18EB45}"
EndProject
Project("{FAE04EC0-301F-11D3-BF4B-00C04F79EFBC}") = "HomeworkArray №2", "..\HomeworkArray №2\HomeworkArray №2.csproj", "{A5135BFC-32D7-4FD0-AA46-AF58F886A896}"
EndProject
Project("{FAE04EC0-301F-11D3-BF4B-00C04F79EFBC}") = "HomeworkArray №3", "..\HomeworkArray №3\HomeworkArray №3.csproj", "{E14769BC-2FEA-423E-9BDB-53F93EB7DC47}"
EndProject
Project("{FAE04EC0-301F-11D3-BF4B-00C04F79EFBC}") = "HomeworkArrayN4", "..\HomeworkArrayN4\HomeworkArrayN4.csproj", "{20C247AC-0B11-46DC-A7C4-D6FC3A7E144D}"
EndProject
Project("{FAE04EC0-301F-11D3-BF4B-00C04F79EFBC}") = "HomeworkArrayN5", "..\HomeworkArrayN5\HomeworkArrayN5.csproj", "{E98D7D17-8C5B-41E3-A433-534057C56BB0}"
EndProject
Project("{FAE04EC0-301F-11D3-BF4B-00C04F79EFBC}") = "HomeworkArrayN6", "..\HomeworkArrayN6\HomeworkArrayN6.csproj", "{B93691AC-3BFF-4899-BB3C-A66244E023DE}"
EndProject
Project("{FAE04EC0-301F-11D3-BF4B-00C04F79EFBC}") = "HomeworkArrayN7", "..\HomeworkArrayN7\HomeworkArrayN7.csproj", "{7C58CB29-2B1A-4657-B350-A36A3AED25C9}"
EndProject
Project("{FAE04EC0-301F-11D3-BF4B-00C04F79EFBC}") = "HomeworkArrayN8", "..\HomeworkArrayN8\HomeworkArrayN8.csproj", "{908A0D08-0B10-49BA-9C84-1DE87E855C40}"
EndProject
Project("{FAE04EC0-301F-11D3-BF4B-00C04F79EFBC}") = "HomeworkArrayN9", "..\HomeworkArrayN9\HomeworkArrayN9.csproj", "{54A8A1F5-07EB-4C66-BE29-2CB00846FAB4}"
EndProject
Project("{2150E333-8FDC-42A3-9474-1A3956D46DE8}") = "HWArrays", "HWArrays", "{27455BCF-DBBF-4C04-9ACA-0D39586047FB}"
EndProject
Project("{2150E333-8FDC-42A3-9474-1A3956D46DE8}") = "HWJune", "HWJune", "{777EFBF4-1073-446D-B86C-32D7486FC65F}"
EndProject
Project("{2150E333-8FDC-42A3-9474-1A3956D46DE8}") = "HWMetods", "HWMetods", "{059C5616-F2E5-4CC7-A9DF-2C9700FD480C}"
EndProject
Project("{FAE04EC0-301F-11D3-BF4B-00C04F79EFBC}") = "HWReadInt", "..\HWMetods\HWReadInt\HWReadInt.csproj", "{22987746-A5B0-4E86-84EE-370BEF32D25E}"
EndProject
Project("{FAE04EC0-301F-11D3-BF4B-00C04F79EFBC}") = "HWUIElement", "..\HWUIElement\HWUIElement.csproj", "{7262CEEF-87DC-471C-B5B5-387987778FB3}"
EndProject
Global
	GlobalSection(SolutionConfigurationPlatforms) = preSolution
		Debug|Any CPU = Debug|Any CPU
		Release|Any CPU = Release|Any CPU
	EndGlobalSection
	GlobalSection(ProjectConfigurationPlatforms) = postSolution
		{7A104651-3051-4829-886E-019F7C4B719D}.Debug|Any CPU.ActiveCfg = Debug|Any CPU
		{7A104651-3051-4829-886E-019F7C4B719D}.Debug|Any CPU.Build.0 = Debug|Any CPU
		{7A104651-3051-4829-886E-019F7C4B719D}.Release|Any CPU.ActiveCfg = Release|Any CPU
		{7A104651-3051-4829-886E-019F7C4B719D}.Release|Any CPU.Build.0 = Release|Any CPU
		{8EF57370-C05B-47B2-99D7-DF7C0E681204}.Debug|Any CPU.ActiveCfg = Debug|Any CPU
		{8EF57370-C05B-47B2-99D7-DF7C0E681204}.Debug|Any CPU.Build.0 = Debug|Any CPU
		{8EF57370-C05B-47B2-99D7-DF7C0E681204}.Release|Any CPU.ActiveCfg = Release|Any CPU
		{8EF57370-C05B-47B2-99D7-DF7C0E681204}.Release|Any CPU.Build.0 = Release|Any CPU
		{4CD12A49-4120-447E-A6F7-5B2188165442}.Debug|Any CPU.ActiveCfg = Debug|Any CPU
		{4CD12A49-4120-447E-A6F7-5B2188165442}.Debug|Any CPU.Build.0 = Debug|Any CPU
		{4CD12A49-4120-447E-A6F7-5B2188165442}.Release|Any CPU.ActiveCfg = Release|Any CPU
		{4CD12A49-4120-447E-A6F7-5B2188165442}.Release|Any CPU.Build.0 = Release|Any CPU
		{AC717AD1-8BE4-4B44-8AC8-B1E53B20DED8}.Debug|Any CPU.ActiveCfg = Debug|Any CPU
		{AC717AD1-8BE4-4B44-8AC8-B1E53B20DED8}.Debug|Any CPU.Build.0 = Debug|Any CPU
		{AC717AD1-8BE4-4B44-8AC8-B1E53B20DED8}.Release|Any CPU.ActiveCfg = Release|Any CPU
		{AC717AD1-8BE4-4B44-8AC8-B1E53B20DED8}.Release|Any CPU.Build.0 = Release|Any CPU
		{007F3186-DAC5-458E-963B-290A03A1A114}.Debug|Any CPU.ActiveCfg = Debug|Any CPU
		{007F3186-DAC5-458E-963B-290A03A1A114}.Debug|Any CPU.Build.0 = Debug|Any CPU
		{007F3186-DAC5-458E-963B-290A03A1A114}.Release|Any CPU.ActiveCfg = Release|Any CPU
		{007F3186-DAC5-458E-963B-290A03A1A114}.Release|Any CPU.Build.0 = Release|Any CPU
		{66675B89-F712-402B-8CEA-7B23E614E27F}.Debug|Any CPU.ActiveCfg = Debug|Any CPU
		{66675B89-F712-402B-8CEA-7B23E614E27F}.Debug|Any CPU.Build.0 = Debug|Any CPU
		{66675B89-F712-402B-8CEA-7B23E614E27F}.Release|Any CPU.ActiveCfg = Release|Any CPU
		{66675B89-F712-402B-8CEA-7B23E614E27F}.Release|Any CPU.Build.0 = Release|Any CPU
		{27C3A93D-2777-4379-ADCF-66F283445F69}.Debug|Any CPU.ActiveCfg = Debug|Any CPU
		{27C3A93D-2777-4379-ADCF-66F283445F69}.Debug|Any CPU.Build.0 = Debug|Any CPU
		{27C3A93D-2777-4379-ADCF-66F283445F69}.Release|Any CPU.ActiveCfg = Release|Any CPU
		{27C3A93D-2777-4379-ADCF-66F283445F69}.Release|Any CPU.Build.0 = Release|Any CPU
		{F7815B0C-E2E5-4650-B864-811895EDE99B}.Debug|Any CPU.ActiveCfg = Debug|Any CPU
		{F7815B0C-E2E5-4650-B864-811895EDE99B}.Debug|Any CPU.Build.0 = Debug|Any CPU
		{F7815B0C-E2E5-4650-B864-811895EDE99B}.Release|Any CPU.ActiveCfg = Release|Any CPU
		{F7815B0C-E2E5-4650-B864-811895EDE99B}.Release|Any CPU.Build.0 = Release|Any CPU
		{882731D2-0212-4B53-BEF8-88D8B17761EB}.Debug|Any CPU.ActiveCfg = Debug|Any CPU
		{882731D2-0212-4B53-BEF8-88D8B17761EB}.Debug|Any CPU.Build.0 = Debug|Any CPU
		{882731D2-0212-4B53-BEF8-88D8B17761EB}.Release|Any CPU.ActiveCfg = Release|Any CPU
		{882731D2-0212-4B53-BEF8-88D8B17761EB}.Release|Any CPU.Build.0 = Release|Any CPU
		{246D3D38-3844-4790-9868-089EDBF09402}.Debug|Any CPU.ActiveCfg = Debug|Any CPU
		{246D3D38-3844-4790-9868-089EDBF09402}.Debug|Any CPU.Build.0 = Debug|Any CPU
		{246D3D38-3844-4790-9868-089EDBF09402}.Release|Any CPU.ActiveCfg = Release|Any CPU
		{246D3D38-3844-4790-9868-089EDBF09402}.Release|Any CPU.Build.0 = Release|Any CPU
		{FC9FD722-633F-41BB-ACA2-846412EAB5D0}.Debug|Any CPU.ActiveCfg = Debug|Any CPU
		{FC9FD722-633F-41BB-ACA2-846412EAB5D0}.Debug|Any CPU.Build.0 = Debug|Any CPU
		{FC9FD722-633F-41BB-ACA2-846412EAB5D0}.Release|Any CPU.ActiveCfg = Release|Any CPU
		{FC9FD722-633F-41BB-ACA2-846412EAB5D0}.Release|Any CPU.Build.0 = Release|Any CPU
		{C6D544BE-7E7A-4833-94D8-0B90FB847973}.Debug|Any CPU.ActiveCfg = Debug|Any CPU
		{C6D544BE-7E7A-4833-94D8-0B90FB847973}.Debug|Any CPU.Build.0 = Debug|Any CPU
		{C6D544BE-7E7A-4833-94D8-0B90FB847973}.Release|Any CPU.ActiveCfg = Release|Any CPU
		{C6D544BE-7E7A-4833-94D8-0B90FB847973}.Release|Any CPU.Build.0 = Release|Any CPU
		{F0E19D0B-202C-4317-A083-E316B97DDD29}.Debug|Any CPU.ActiveCfg = Debug|Any CPU
		{F0E19D0B-202C-4317-A083-E316B97DDD29}.Debug|Any CPU.Build.0 = Debug|Any CPU
		{F0E19D0B-202C-4317-A083-E316B97DDD29}.Release|Any CPU.ActiveCfg = Release|Any CPU
		{F0E19D0B-202C-4317-A083-E316B97DDD29}.Release|Any CPU.Build.0 = Release|Any CPU
		{3FF30D2A-47EF-4B90-9B5E-4BCA24C437CF}.Debug|Any CPU.ActiveCfg = Debug|Any CPU
		{3FF30D2A-47EF-4B90-9B5E-4BCA24C437CF}.Debug|Any CPU.Build.0 = Debug|Any CPU
		{3FF30D2A-47EF-4B90-9B5E-4BCA24C437CF}.Release|Any CPU.ActiveCfg = Release|Any CPU
		{3FF30D2A-47EF-4B90-9B5E-4BCA24C437CF}.Release|Any CPU.Build.0 = Release|Any CPU
		{14DD0B53-D144-4227-82F5-B9C4457E3346}.Debug|Any CPU.ActiveCfg = Debug|Any CPU
		{14DD0B53-D144-4227-82F5-B9C4457E3346}.Debug|Any CPU.Build.0 = Debug|Any CPU
		{14DD0B53-D144-4227-82F5-B9C4457E3346}.Release|Any CPU.ActiveCfg = Release|Any CPU
		{14DD0B53-D144-4227-82F5-B9C4457E3346}.Release|Any CPU.Build.0 = Release|Any CPU
		{EE0A4579-C07C-4716-B312-0A541370DE98}.Debug|Any CPU.ActiveCfg = Debug|Any CPU
		{EE0A4579-C07C-4716-B312-0A541370DE98}.Debug|Any CPU.Build.0 = Debug|Any CPU
		{EE0A4579-C07C-4716-B312-0A541370DE98}.Release|Any CPU.ActiveCfg = Release|Any CPU
		{EE0A4579-C07C-4716-B312-0A541370DE98}.Release|Any CPU.Build.0 = Release|Any CPU
		{0E57AB9C-9474-47A1-B230-14B314788D61}.Debug|Any CPU.ActiveCfg = Debug|Any CPU
		{0E57AB9C-9474-47A1-B230-14B314788D61}.Debug|Any CPU.Build.0 = Debug|Any CPU
		{0E57AB9C-9474-47A1-B230-14B314788D61}.Release|Any CPU.ActiveCfg = Release|Any CPU
		{0E57AB9C-9474-47A1-B230-14B314788D61}.Release|Any CPU.Build.0 = Release|Any CPU
		{DD9A6A20-12C5-48E7-BE9B-8E0757CFCFA3}.Debug|Any CPU.ActiveCfg = Debug|Any CPU
		{DD9A6A20-12C5-48E7-BE9B-8E0757CFCFA3}.Debug|Any CPU.Build.0 = Debug|Any CPU
		{DD9A6A20-12C5-48E7-BE9B-8E0757CFCFA3}.Release|Any CPU.ActiveCfg = Release|Any CPU
		{DD9A6A20-12C5-48E7-BE9B-8E0757CFCFA3}.Release|Any CPU.Build.0 = Release|Any CPU
		{58A21338-1718-447C-A022-925DA9A2D57D}.Debug|Any CPU.ActiveCfg = Debug|Any CPU
		{58A21338-1718-447C-A022-925DA9A2D57D}.Debug|Any CPU.Build.0 = Debug|Any CPU
		{58A21338-1718-447C-A022-925DA9A2D57D}.Release|Any CPU.ActiveCfg = Release|Any CPU
		{58A21338-1718-447C-A022-925DA9A2D57D}.Release|Any CPU.Build.0 = Release|Any CPU
		{26AB6B6B-C678-41B3-AAC4-66459C18EB45}.Debug|Any CPU.ActiveCfg = Debug|Any CPU
		{26AB6B6B-C678-41B3-AAC4-66459C18EB45}.Debug|Any CPU.Build.0 = Debug|Any CPU
		{26AB6B6B-C678-41B3-AAC4-66459C18EB45}.Release|Any CPU.ActiveCfg = Release|Any CPU
		{26AB6B6B-C678-41B3-AAC4-66459C18EB45}.Release|Any CPU.Build.0 = Release|Any CPU
		{A5135BFC-32D7-4FD0-AA46-AF58F886A896}.Debug|Any CPU.ActiveCfg = Debug|Any CPU
		{A5135BFC-32D7-4FD0-AA46-AF58F886A896}.Debug|Any CPU.Build.0 = Debug|Any CPU
		{A5135BFC-32D7-4FD0-AA46-AF58F886A896}.Release|Any CPU.ActiveCfg = Release|Any CPU
		{A5135BFC-32D7-4FD0-AA46-AF58F886A896}.Release|Any CPU.Build.0 = Release|Any CPU
		{E14769BC-2FEA-423E-9BDB-53F93EB7DC47}.Debug|Any CPU.ActiveCfg = Debug|Any CPU
		{E14769BC-2FEA-423E-9BDB-53F93EB7DC47}.Debug|Any CPU.Build.0 = Debug|Any CPU
		{E14769BC-2FEA-423E-9BDB-53F93EB7DC47}.Release|Any CPU.ActiveCfg = Release|Any CPU
		{E14769BC-2FEA-423E-9BDB-53F93EB7DC47}.Release|Any CPU.Build.0 = Release|Any CPU
		{20C247AC-0B11-46DC-A7C4-D6FC3A7E144D}.Debug|Any CPU.ActiveCfg = Debug|Any CPU
		{20C247AC-0B11-46DC-A7C4-D6FC3A7E144D}.Debug|Any CPU.Build.0 = Debug|Any CPU
		{20C247AC-0B11-46DC-A7C4-D6FC3A7E144D}.Release|Any CPU.ActiveCfg = Release|Any CPU
		{20C247AC-0B11-46DC-A7C4-D6FC3A7E144D}.Release|Any CPU.Build.0 = Release|Any CPU
		{E98D7D17-8C5B-41E3-A433-534057C56BB0}.Debug|Any CPU.ActiveCfg = Debug|Any CPU
		{E98D7D17-8C5B-41E3-A433-534057C56BB0}.Debug|Any CPU.Build.0 = Debug|Any CPU
		{E98D7D17-8C5B-41E3-A433-534057C56BB0}.Release|Any CPU.ActiveCfg = Release|Any CPU
		{E98D7D17-8C5B-41E3-A433-534057C56BB0}.Release|Any CPU.Build.0 = Release|Any CPU
		{B93691AC-3BFF-4899-BB3C-A66244E023DE}.Debug|Any CPU.ActiveCfg = Debug|Any CPU
		{B93691AC-3BFF-4899-BB3C-A66244E023DE}.Debug|Any CPU.Build.0 = Debug|Any CPU
		{B93691AC-3BFF-4899-BB3C-A66244E023DE}.Release|Any CPU.ActiveCfg = Release|Any CPU
		{B93691AC-3BFF-4899-BB3C-A66244E023DE}.Release|Any CPU.Build.0 = Release|Any CPU
		{7C58CB29-2B1A-4657-B350-A36A3AED25C9}.Debug|Any CPU.ActiveCfg = Debug|Any CPU
		{7C58CB29-2B1A-4657-B350-A36A3AED25C9}.Debug|Any CPU.Build.0 = Debug|Any CPU
		{7C58CB29-2B1A-4657-B350-A36A3AED25C9}.Release|Any CPU.ActiveCfg = Release|Any CPU
		{7C58CB29-2B1A-4657-B350-A36A3AED25C9}.Release|Any CPU.Build.0 = Release|Any CPU
		{908A0D08-0B10-49BA-9C84-1DE87E855C40}.Debug|Any CPU.ActiveCfg = Debug|Any CPU
		{908A0D08-0B10-49BA-9C84-1DE87E855C40}.Debug|Any CPU.Build.0 = Debug|Any CPU
		{908A0D08-0B10-49BA-9C84-1DE87E855C40}.Release|Any CPU.ActiveCfg = Release|Any CPU
		{908A0D08-0B10-49BA-9C84-1DE87E855C40}.Release|Any CPU.Build.0 = Release|Any CPU
		{54A8A1F5-07EB-4C66-BE29-2CB00846FAB4}.Debug|Any CPU.ActiveCfg = Debug|Any CPU
		{54A8A1F5-07EB-4C66-BE29-2CB00846FAB4}.Debug|Any CPU.Build.0 = Debug|Any CPU
		{54A8A1F5-07EB-4C66-BE29-2CB00846FAB4}.Release|Any CPU.ActiveCfg = Release|Any CPU
		{54A8A1F5-07EB-4C66-BE29-2CB00846FAB4}.Release|Any CPU.Build.0 = Release|Any CPU
		{22987746-A5B0-4E86-84EE-370BEF32D25E}.Debug|Any CPU.ActiveCfg = Debug|Any CPU
		{22987746-A5B0-4E86-84EE-370BEF32D25E}.Debug|Any CPU.Build.0 = Debug|Any CPU
		{22987746-A5B0-4E86-84EE-370BEF32D25E}.Release|Any CPU.ActiveCfg = Release|Any CPU
		{22987746-A5B0-4E86-84EE-370BEF32D25E}.Release|Any CPU.Build.0 = Release|Any CPU
		{7262CEEF-87DC-471C-B5B5-387987778FB3}.Debug|Any CPU.ActiveCfg = Debug|Any CPU
		{7262CEEF-87DC-471C-B5B5-387987778FB3}.Debug|Any CPU.Build.0 = Debug|Any CPU
		{7262CEEF-87DC-471C-B5B5-387987778FB3}.Release|Any CPU.ActiveCfg = Release|Any CPU
		{7262CEEF-87DC-471C-B5B5-387987778FB3}.Release|Any CPU.Build.0 = Release|Any CPU
	EndGlobalSection
	GlobalSection(SolutionProperties) = preSolution
		HideSolutionNode = FALSE
	EndGlobalSection
	GlobalSection(NestedProjects) = preSolution
		{AC717AD1-8BE4-4B44-8AC8-B1E53B20DED8} = {777EFBF4-1073-446D-B86C-32D7486FC65F}
		{007F3186-DAC5-458E-963B-290A03A1A114} = {777EFBF4-1073-446D-B86C-32D7486FC65F}
		{66675B89-F712-402B-8CEA-7B23E614E27F} = {777EFBF4-1073-446D-B86C-32D7486FC65F}
		{27C3A93D-2777-4379-ADCF-66F283445F69} = {777EFBF4-1073-446D-B86C-32D7486FC65F}
		{F7815B0C-E2E5-4650-B864-811895EDE99B} = {777EFBF4-1073-446D-B86C-32D7486FC65F}
		{882731D2-0212-4B53-BEF8-88D8B17761EB} = {777EFBF4-1073-446D-B86C-32D7486FC65F}
		{246D3D38-3844-4790-9868-089EDBF09402} = {777EFBF4-1073-446D-B86C-32D7486FC65F}
		{FC9FD722-633F-41BB-ACA2-846412EAB5D0} = {777EFBF4-1073-446D-B86C-32D7486FC65F}
		{C6D544BE-7E7A-4833-94D8-0B90FB847973} = {777EFBF4-1073-446D-B86C-32D7486FC65F}
		{F0E19D0B-202C-4317-A083-E316B97DDD29} = {777EFBF4-1073-446D-B86C-32D7486FC65F}
		{3FF30D2A-47EF-4B90-9B5E-4BCA24C437CF} = {777EFBF4-1073-446D-B86C-32D7486FC65F}
		{14DD0B53-D144-4227-82F5-B9C4457E3346} = {777EFBF4-1073-446D-B86C-32D7486FC65F}
		{EE0A4579-C07C-4716-B312-0A541370DE98} = {777EFBF4-1073-446D-B86C-32D7486FC65F}
		{0E57AB9C-9474-47A1-B230-14B314788D61} = {777EFBF4-1073-446D-B86C-32D7486FC65F}
		{DD9A6A20-12C5-48E7-BE9B-8E0757CFCFA3} = {777EFBF4-1073-446D-B86C-32D7486FC65F}
		{58A21338-1718-447C-A022-925DA9A2D57D} = {0D860998-1C1F-4E8E-9DCF-C6F22A698804}
		{26AB6B6B-C678-41B3-AAC4-66459C18EB45} = {27455BCF-DBBF-4C04-9ACA-0D39586047FB}
		{A5135BFC-32D7-4FD0-AA46-AF58F886A896} = {27455BCF-DBBF-4C04-9ACA-0D39586047FB}
		{E14769BC-2FEA-423E-9BDB-53F93EB7DC47} = {27455BCF-DBBF-4C04-9ACA-0D39586047FB}
		{20C247AC-0B11-46DC-A7C4-D6FC3A7E144D} = {27455BCF-DBBF-4C04-9ACA-0D39586047FB}
		{E98D7D17-8C5B-41E3-A433-534057C56BB0} = {27455BCF-DBBF-4C04-9ACA-0D39586047FB}
		{B93691AC-3BFF-4899-BB3C-A66244E023DE} = {27455BCF-DBBF-4C04-9ACA-0D39586047FB}
		{7C58CB29-2B1A-4657-B350-A36A3AED25C9} = {27455BCF-DBBF-4C04-9ACA-0D39586047FB}
		{908A0D08-0B10-49BA-9C84-1DE87E855C40} = {27455BCF-DBBF-4C04-9ACA-0D39586047FB}
		{54A8A1F5-07EB-4C66-BE29-2CB00846FAB4} = {27455BCF-DBBF-4C04-9ACA-0D39586047FB}
		{27455BCF-DBBF-4C04-9ACA-0D39586047FB} = {0D860998-1C1F-4E8E-9DCF-C6F22A698804}
		{777EFBF4-1073-446D-B86C-32D7486FC65F} = {0D860998-1C1F-4E8E-9DCF-C6F22A698804}
		{059C5616-F2E5-4CC7-A9DF-2C9700FD480C} = {0D860998-1C1F-4E8E-9DCF-C6F22A698804}
		{22987746-A5B0-4E86-84EE-370BEF32D25E} = {059C5616-F2E5-4CC7-A9DF-2C9700FD480C}
		{7262CEEF-87DC-471C-B5B5-387987778FB3} = {059C5616-F2E5-4CC7-A9DF-2C9700FD480C}
	EndGlobalSection
	GlobalSection(ExtensibilityGlobals) = postSolution
		SolutionGuid = {6176F3A3-A47A-4C1B-9DBF-846238A47A06}
	EndGlobalSection
EndGlobal
