
Microsoft Visual Studio Solution File, Format Version 12.00
# Visual Studio Version 17
VisualStudioVersion = 17.6.33815.320
MinimumVisualStudioVersion = 10.0.40219.1
Project("{FAE04EC0-301F-11D3-BF4B-00C04F79EFBC}") = "JaJunior", "JaJunior.csproj", "{7A104651-3051-4829-886E-019F7C4B719D}"
EndProject
Project("{FAE04EC0-301F-11D3-BF4B-00C04F79EFBC}") = "Pictures", "..\Pictures\Pictures.csproj", "{8EF57370-C05B-47B2-99D7-DF7C0E681204}"
EndProject
Project("{FAE04EC0-301F-11D3-BF4B-00C04F79EFBC}") = "ChangePlaces", "..\ChangePlaces\ChangePlaces.csproj", "{4CD12A49-4120-447E-A6F7-5B2188165442}"
EndProject
Global
	GlobalSection(SolutionConfigurationPlatforms) = preSolution
		Debug|Any CPU = Debug|Any CPU
		Release|Any CPU = Release|Any CPU
	EndGlobalSection
	GlobalSection(ProjectConfigurationPlatforms) = postSolution
		{7A104651-3051-4829-886E-019F7C4B719D}.Debug|Any CPU.ActiveCfg = Debug|Any CPU
		{7A104651-3051-4829-886E-019F7C4B719D}.Debug|Any CPU.Build.0 = Debug|Any CPU
		{7A104651-3051-4829-886E-019F7C4B719D}.Release|Any CPU.ActiveCfg = Release|Any CPU
		{7A104651-3051-4829-886E-019F7C4B719D}.Release|Any CPU.Build.0 = Release|Any CPU
		{8EF57370-C05B-47B2-99D7-DF7C0E681204}.Debug|Any CPU.ActiveCfg = Debug|Any CPU
		{8EF57370-C05B-47B2-99D7-DF7C0E681204}.Debug|Any CPU.Build.0 = Debug|Any CPU
		{8EF57370-C05B-47B2-99D7-DF7C0E681204}.Release|Any CPU.ActiveCfg = Release|Any CPU
		{8EF57370-C05B-47B2-99D7-DF7C0E681204}.Release|Any CPU.Build.0 = Release|Any CPU
		{4CD12A49-4120-447E-A6F7-5B2188165442}.Debug|Any CPU.ActiveCfg = Debug|Any CPU
		{4CD12A49-4120-447E-A6F7-5B2188165442}.Debug|Any CPU.Build.0 = Debug|Any CPU
		{4CD12A49-4120-447E-A6F7-5B2188165442}.Release|Any CPU.ActiveCfg = Release|Any CPU
		{4CD12A49-4120-447E-A6F7-5B2188165442}.Release|Any CPU.Build.0 = Release|Any CPU
	EndGlobalSection
	GlobalSection(SolutionProperties) = preSolution
		HideSolutionNode = FALSE
	EndGlobalSection
	GlobalSection(ExtensibilityGlobals) = postSolution
		SolutionGuid = {6176F3A3-A47A-4C1B-9DBF-846238A47A06}
	EndGlobalSection
EndGlobal
